
Microsoft Visual Studio Solution File, Format Version 12.00
# Visual Studio Version 16
VisualStudioVersion = 16.0.29503.13
MinimumVisualStudioVersion = 10.0.40219.1
Project("{FAE04EC0-301F-11D3-BF4B-00C04F79EFBC}") = "LoMAILindi Alpha", "LoMAILindi Alpha\LoMAILindi Alpha.csproj", "{D7EB3EC8-EFB4-4AC3-93DE-34B62DD0EF42}"
EndProject
Global
	GlobalSection(SolutionConfigurationPlatforms) = preSolution
		Debug|Any CPU = Debug|Any CPU
		Release|Any CPU = Release|Any CPU
	EndGlobalSection
	GlobalSection(ProjectConfigurationPlatforms) = postSolution
		{D7EB3EC8-EFB4-4AC3-93DE-34B62DD0EF42}.Debug|Any CPU.ActiveCfg = Debug|Any CPU
		{D7EB3EC8-EFB4-4AC3-93DE-34B62DD0EF42}.Debug|Any CPU.Build.0 = Debug|Any CPU
		{D7EB3EC8-EFB4-4AC3-93DE-34B62DD0EF42}.Release|Any CPU.ActiveCfg = Release|Any CPU
		{D7EB3EC8-EFB4-4AC3-93DE-34B62DD0EF42}.Release|Any CPU.Build.0 = Release|Any CPU
	EndGlobalSection
	GlobalSection(SolutionProperties) = preSolution
		HideSolutionNode = FALSE
	EndGlobalSection
	GlobalSection(ExtensibilityGlobals) = postSolution
		SolutionGuid = {FDCE124C-899C-405A-82DE-A1DF7A6D9326}
	EndGlobalSection
EndGlobal
